
Microsoft Visual Studio Solution File, Format Version 12.00
# Visual Studio Version 16
VisualStudioVersion = 16.0.32002.261
MinimumVisualStudioVersion = 10.0.40219.1
Project("{FAE04EC0-301F-11D3-BF4B-00C04F79EFBC}") = "ThreadsApp", "ThreadsApp.csproj", "{5583960D-55C9-4672-84C0-D5C895C7B114}"
EndProject
Global
	GlobalSection(SolutionConfigurationPlatforms) = preSolution
		Debug|Any CPU = Debug|Any CPU
		Release|Any CPU = Release|Any CPU
	EndGlobalSection
	GlobalSection(ProjectConfigurationPlatforms) = postSolution
		{5583960D-55C9-4672-84C0-D5C895C7B114}.Debug|Any CPU.ActiveCfg = Debug|Any CPU
		{5583960D-55C9-4672-84C0-D5C895C7B114}.Debug|Any CPU.Build.0 = Debug|Any CPU
		{5583960D-55C9-4672-84C0-D5C895C7B114}.Release|Any CPU.ActiveCfg = Release|Any CPU
		{5583960D-55C9-4672-84C0-D5C895C7B114}.Release|Any CPU.Build.0 = Release|Any CPU
	EndGlobalSection
	GlobalSection(SolutionProperties) = preSolution
		HideSolutionNode = FALSE
	EndGlobalSection
	GlobalSection(ExtensibilityGlobals) = postSolution
		SolutionGuid = {D78DBC6F-2419-4E01-8226-9634E6E21B30}
	EndGlobalSection
EndGlobal
